
Microsoft Visual Studio Solution File, Format Version 12.00
# Visual Studio Version 17
VisualStudioVersion = 17.9.34728.123
MinimumVisualStudioVersion = 10.0.40219.1
Project("{FAE04EC0-301F-11D3-BF4B-00C04F79EFBC}") = "CalculadoraSimple", "CalculadoraSimple\CalculadoraSimple.csproj", "{FE633A99-8F85-496B-AB69-AB5F817D0C84}"
EndProject
Global
	GlobalSection(SolutionConfigurationPlatforms) = preSolution
		Debug|Any CPU = Debug|Any CPU
		Release|Any CPU = Release|Any CPU
	EndGlobalSection
	GlobalSection(ProjectConfigurationPlatforms) = postSolution
		{FE633A99-8F85-496B-AB69-AB5F817D0C84}.Debug|Any CPU.ActiveCfg = Debug|Any CPU
		{FE633A99-8F85-496B-AB69-AB5F817D0C84}.Debug|Any CPU.Build.0 = Debug|Any CPU
		{FE633A99-8F85-496B-AB69-AB5F817D0C84}.Release|Any CPU.ActiveCfg = Release|Any CPU
		{FE633A99-8F85-496B-AB69-AB5F817D0C84}.Release|Any CPU.Build.0 = Release|Any CPU
	EndGlobalSection
	GlobalSection(SolutionProperties) = preSolution
		HideSolutionNode = FALSE
	EndGlobalSection
	GlobalSection(ExtensibilityGlobals) = postSolution
		SolutionGuid = {DAD6EA21-B7D5-4A0A-B2A1-FEB6B624BB7A}
	EndGlobalSection
EndGlobal
